// !$*UTF8*$!
{
	archiveVersion = 1;
	classes = {
	};
	objectVersion = 55;
	objects = {

/* Begin PBXBuildFile section */
		B50657BF28AF1FC800104018 /* AppDelegate.m in Sources */ = {isa = PBXBuildFile; fileRef = B50657BE28AF1FC800104018 /* AppDelegate.m */; };
		B50657C228AF1FC800104018 /* SceneDelegate.m in Sources */ = {isa = PBXBuildFile; fileRef = B50657C128AF1FC800104018 /* SceneDelegate.m */; };
		B50657CA28AF1FCB00104018 /* Assets.xcassets in Resources */ = {isa = PBXBuildFile; fileRef = B50657C928AF1FCB00104018 /* Assets.xcassets */; };
		B50657CD28AF1FCB00104018 /* LaunchScreen.storyboard in Resources */ = {isa = PBXBuildFile; fileRef = B50657CB28AF1FCB00104018 /* LaunchScreen.storyboard */; };
		B50657D028AF1FCB00104018 /* main.m in Sources */ = {isa = PBXBuildFile; fileRef = B50657CF28AF1FCB00104018 /* main.m */; };
		B50657DA28AF1FCB00104018 /* Demo10Tests.m in Sources */ = {isa = PBXBuildFile; fileRef = B50657D928AF1FCB00104018 /* Demo10Tests.m */; };
		B50657E428AF1FCB00104018 /* Demo10UITests.m in Sources */ = {isa = PBXBuildFile; fileRef = B50657E328AF1FCB00104018 /* Demo10UITests.m */; };
		B50657E628AF1FCB00104018 /* Demo10UITestsLaunchTests.m in Sources */ = {isa = PBXBuildFile; fileRef = B50657E528AF1FCB00104018 /* Demo10UITestsLaunchTests.m */; };
		B50657F428AF210700104018 /* CollectionViewController.m in Sources */ = {isa = PBXBuildFile; fileRef = B50657F328AF210700104018 /* CollectionViewController.m */; };
		B50657F628AF282400104018 /* MyCollectionViewCell.xib in Resources */ = {isa = PBXBuildFile; fileRef = B50657F528AF282400104018 /* MyCollectionViewCell.xib */; };
		B50657F928AF287400104018 /* MyCollectionViewCell.m in Sources */ = {isa = PBXBuildFile; fileRef = B50657F828AF287400104018 /* MyCollectionViewCell.m */; };
		B506583E28AF604A00104018 /* Header.xib in Resources */ = {isa = PBXBuildFile; fileRef = B506583D28AF604A00104018 /* Header.xib */; };
		B506584128AF607A00104018 /* Header.m in Sources */ = {isa = PBXBuildFile; fileRef = B506584028AF607A00104018 /* Header.m */; };
		B506584328AF608C00104018 /* Footer.xib in Resources */ = {isa = PBXBuildFile; fileRef = B506584228AF608C00104018 /* Footer.xib */; };
		B506584628AF609D00104018 /* Footer.m in Sources */ = {isa = PBXBuildFile; fileRef = B506584528AF609D00104018 /* Footer.m */; };
/* End PBXBuildFile section */

/* Begin PBXContainerItemProxy section */
		B50657D628AF1FCB00104018 /* PBXContainerItemProxy */ = {
			isa = PBXContainerItemProxy;
			containerPortal = B50657B228AF1FC800104018 /* Project object */;
			proxyType = 1;
			remoteGlobalIDString = B50657B928AF1FC800104018;
			remoteInfo = Demo10;
		};
		B50657E028AF1FCB00104018 /* PBXContainerItemProxy */ = {
			isa = PBXContainerItemProxy;
			containerPortal = B50657B228AF1FC800104018 /* Project object */;
			proxyType = 1;
			remoteGlobalIDString = B50657B928AF1FC800104018;
			remoteInfo = Demo10;
		};
/* End PBXContainerItemProxy section */

/* Begin PBXFileReference section */
		B50657BA28AF1FC800104018 /* Demo10.app */ = {isa = PBXFileReference; explicitFileType = wrapper.application; includeInIndex = 0; path = Demo10.app; sourceTree = BUILT_PRODUCTS_DIR; };
		B50657BD28AF1FC800104018 /* AppDelegate.h */ = {isa = PBXFileReference; lastKnownFileType = sourcecode.c.h; path = AppDelegate.h; sourceTree = "<group>"; };
		B50657BE28AF1FC800104018 /* AppDelegate.m */ = {isa = PBXFileReference; lastKnownFileType = sourcecode.c.objc; path = AppDelegate.m; sourceTree = "<group>"; };
		B50657C028AF1FC800104018 /* SceneDelegate.h */ = {isa = PBXFileReference; lastKnownFileType = sourcecode.c.h; path = SceneDelegate.h; sourceTree = "<group>"; };
		B50657C128AF1FC800104018 /* SceneDelegate.m */ = {isa = PBXFileReference; lastKnownFileType = sourcecode.c.objc; path = SceneDelegate.m; sourceTree = "<group>"; };
		B50657C928AF1FCB00104018 /* Assets.xcassets */ = {isa = PBXFileReference; lastKnownFileType = folder.assetcatalog; path = Assets.xcassets; sourceTree = "<group>"; };
		B50657CC28AF1FCB00104018 /* Base */ = {isa = PBXFileReference; lastKnownFileType = file.storyboard; name = Base; path = Base.lproj/LaunchScreen.storyboard; sourceTree = "<group>"; };
		B50657CE28AF1FCB00104018 /* Info.plist */ = {isa = PBXFileReference; lastKnownFileType = text.plist.xml; path = Info.plist; sourceTree = "<group>"; };
		B50657CF28AF1FCB00104018 /* main.m */ = {isa = PBXFileReference; lastKnownFileType = sourcecode.c.objc; path = main.m; sourceTree = "<group>"; };
		B50657D528AF1FCB00104018 /* Demo10Tests.xctest */ = {isa = PBXFileReference; explicitFileType = wrapper.cfbundle; includeInIndex = 0; path = Demo10Tests.xctest; sourceTree = BUILT_PRODUCTS_DIR; };
		B50657D928AF1FCB00104018 /* Demo10Tests.m */ = {isa = PBXFileReference; lastKnownFileType = sourcecode.c.objc; path = Demo10Tests.m; sourceTree = "<group>"; };
		B50657DF28AF1FCB00104018 /* Demo10UITests.xctest */ = {isa = PBXFileReference; explicitFileType = wrapper.cfbundle; includeInIndex = 0; path = Demo10UITests.xctest; sourceTree = BUILT_PRODUCTS_DIR; };
		B50657E328AF1FCB00104018 /* Demo10UITests.m */ = {isa = PBXFileReference; lastKnownFileType = sourcecode.c.objc; path = Demo10UITests.m; sourceTree = "<group>"; };
		B50657E528AF1FCB00104018 /* Demo10UITestsLaunchTests.m */ = {isa = PBXFileReference; lastKnownFileType = sourcecode.c.objc; path = Demo10UITestsLaunchTests.m; sourceTree = "<group>"; };
		B50657F228AF210700104018 /* CollectionViewController.h */ = {isa = PBXFileReference; lastKnownFileType = sourcecode.c.h; path = CollectionViewController.h; sourceTree = "<group>"; };
		B50657F328AF210700104018 /* CollectionViewController.m */ = {isa = PBXFileReference; lastKnownFileType = sourcecode.c.objc; path = CollectionViewController.m; sourceTree = "<group>"; };
		B50657F528AF282400104018 /* MyCollectionViewCell.xib */ = {isa = PBXFileReference; lastKnownFileType = file.xib; path = MyCollectionViewCell.xib; sourceTree = "<group>"; };
		B50657F728AF287300104018 /* MyCollectionViewCell.h */ = {isa = PBXFileReference; lastKnownFileType = sourcecode.c.h; path = MyCollectionViewCell.h; sourceTree = "<group>"; };
		B50657F828AF287400104018 /* MyCollectionViewCell.m */ = {isa = PBXFileReference; lastKnownFileType = sourcecode.c.objc; path = MyCollectionViewCell.m; sourceTree = "<group>"; };
		B506583D28AF604A00104018 /* Header.xib */ = {isa = PBXFileReference; lastKnownFileType = file.xib; path = Header.xib; sourceTree = "<group>"; };
		B506583F28AF607A00104018 /* Header.h */ = {isa = PBXFileReference; lastKnownFileType = sourcecode.c.h; path = Header.h; sourceTree = "<group>"; };
		B506584028AF607A00104018 /* Header.m */ = {isa = PBXFileReference; lastKnownFileType = sourcecode.c.objc; path = Header.m; sourceTree = "<group>"; };
		B506584228AF608C00104018 /* Footer.xib */ = {isa = PBXFileReference; lastKnownFileType = file.xib; path = Footer.xib; sourceTree = "<group>"; };
		B506584428AF609D00104018 /* Footer.h */ = {isa = PBXFileReference; lastKnownFileType = sourcecode.c.h; path = Footer.h; sourceTree = "<group>"; };
		B506584528AF609D00104018 /* Footer.m */ = {isa = PBXFileReference; lastKnownFileType = sourcecode.c.objc; path = Footer.m; sourceTree = "<group>"; };
/* End PBXFileReference section */

/* Begin PBXFrameworksBuildPhase section */
		B50657B728AF1FC800104018 /* Frameworks */ = {
			isa = PBXFrameworksBuildPhase;
			buildActionMask = 2147483647;
			files = (
			);
			runOnlyForDeploymentPostprocessing = 0;
		};
		B50657D228AF1FCB00104018 /* Frameworks */ = {
			isa = PBXFrameworksBuildPhase;
			buildActionMask = 2147483647;
			files = (
			);
			runOnlyForDeploymentPostprocessing = 0;
		};
		B50657DC28AF1FCB00104018 /* Frameworks */ = {
			isa = PBXFrameworksBuildPhase;
			buildActionMask = 2147483647;
			files = (
			);
			runOnlyForDeploymentPostprocessing = 0;
		};
/* End PBXFrameworksBuildPhase section */

/* Begin PBXGroup section */
		B50657B128AF1FC800104018 = {
			isa = PBXGroup;
			children = (
				B50657BC28AF1FC800104018 /* Demo10 */,
				B50657D828AF1FCB00104018 /* Demo10Tests */,
				B50657E228AF1FCB00104018 /* Demo10UITests */,
				B50657BB28AF1FC800104018 /* Products */,
			);
			sourceTree = "<group>";
		};
		B50657BB28AF1FC800104018 /* Products */ = {
			isa = PBXGroup;
			children = (
				B50657BA28AF1FC800104018 /* Demo10.app */,
				B50657D528AF1FCB00104018 /* Demo10Tests.xctest */,
				B50657DF28AF1FCB00104018 /* Demo10UITests.xctest */,
			);
			name = Products;
			sourceTree = "<group>";
		};
		B50657BC28AF1FC800104018 /* Demo10 */ = {
			isa = PBXGroup;
			children = (
				B506583C28AF602D00104018 /* Footer */,
				B506583B28AF602200104018 /* Header */,
				B50657BD28AF1FC800104018 /* AppDelegate.h */,
				B50657BE28AF1FC800104018 /* AppDelegate.m */,
				B50657C028AF1FC800104018 /* SceneDelegate.h */,
				B50657C128AF1FC800104018 /* SceneDelegate.m */,
				B50657C928AF1FCB00104018 /* Assets.xcassets */,
				B50657CB28AF1FCB00104018 /* LaunchScreen.storyboard */,
				B50657CE28AF1FCB00104018 /* Info.plist */,
				B50657CF28AF1FCB00104018 /* main.m */,
				B50657F228AF210700104018 /* CollectionViewController.h */,
				B50657F328AF210700104018 /* CollectionViewController.m */,
				B50657F528AF282400104018 /* MyCollectionViewCell.xib */,
				B50657F728AF287300104018 /* MyCollectionViewCell.h */,
				B50657F828AF287400104018 /* MyCollectionViewCell.m */,
			);
			path = Demo10;
			sourceTree = "<group>";
		};
		B50657D828AF1FCB00104018 /* Demo10Tests */ = {
			isa = PBXGroup;
			children = (
				B50657D928AF1FCB00104018 /* Demo10Tests.m */,
			);
			path = Demo10Tests;
			sourceTree = "<group>";
		};
		B50657E228AF1FCB00104018 /* Demo10UITests */ = {
			isa = PBXGroup;
			children = (
				B50657E328AF1FCB00104018 /* Demo10UITests.m */,
				B50657E528AF1FCB00104018 /* Demo10UITestsLaunchTests.m */,
			);
			path = Demo10UITests;
			sourceTree = "<group>";
		};
		B506583B28AF602200104018 /* Header */ = {
			isa = PBXGroup;
			children = (
				B506583D28AF604A00104018 /* Header.xib */,
				B506583F28AF607A00104018 /* Header.h */,
				B506584028AF607A00104018 /* Header.m */,
			);
			path = Header;
			sourceTree = "<group>";
		};
		B506583C28AF602D00104018 /* Footer */ = {
			isa = PBXGroup;
			children = (
				B506584228AF608C00104018 /* Footer.xib */,
				B506584428AF609D00104018 /* Footer.h */,
				B506584528AF609D00104018 /* Footer.m */,
			);
			path = Footer;
			sourceTree = "<group>";
		};
/* End PBXGroup section */

/* Begin PBXNativeTarget section */
		B50657B928AF1FC800104018 /* Demo10 */ = {
			isa = PBXNativeTarget;
			buildConfigurationList = B50657E928AF1FCB00104018 /* Build configuration list for PBXNativeTarget "Demo10" */;
			buildPhases = (
				B50657B628AF1FC800104018 /* Sources */,
				B50657B728AF1FC800104018 /* Frameworks */,
				B50657B828AF1FC800104018 /* Resources */,
			);
			buildRules = (
			);
			dependencies = (
			);
			name = Demo10;
			productName = Demo10;
			productReference = B50657BA28AF1FC800104018 /* Demo10.app */;
			productType = "com.apple.product-type.application";
		};
		B50657D428AF1FCB00104018 /* Demo10Tests */ = {
			isa = PBXNativeTarget;
			buildConfigurationList = B50657EC28AF1FCB00104018 /* Build configuration list for PBXNativeTarget "Demo10Tests" */;
			buildPhases = (
				B50657D128AF1FCB00104018 /* Sources */,
				B50657D228AF1FCB00104018 /* Frameworks */,
				B50657D328AF1FCB00104018 /* Resources */,
			);
			buildRules = (
			);
			dependencies = (
				B50657D728AF1FCB00104018 /* PBXTargetDependency */,
			);
			name = Demo10Tests;
			productName = Demo10Tests;
			productReference = B50657D528AF1FCB00104018 /* Demo10Tests.xctest */;
			productType = "com.apple.product-type.bundle.unit-test";
		};
		B50657DE28AF1FCB00104018 /* Demo10UITests */ = {
			isa = PBXNativeTarget;
			buildConfigurationList = B50657EF28AF1FCB00104018 /* Build configuration list for PBXNativeTarget "Demo10UITests" */;
			buildPhases = (
				B50657DB28AF1FCB00104018 /* Sources */,
				B50657DC28AF1FCB00104018 /* Frameworks */,
				B50657DD28AF1FCB00104018 /* Resources */,
			);
			buildRules = (
			);
			dependencies = (
				B50657E128AF1FCB00104018 /* PBXTargetDependency */,
			);
			name = Demo10UITests;
			productName = Demo10UITests;
			productReference = B50657DF28AF1FCB00104018 /* Demo10UITests.xctest */;
			productType = "com.apple.product-type.bundle.ui-testing";
		};
/* End PBXNativeTarget section */

/* Begin PBXProject section */
		B50657B228AF1FC800104018 /* Project object */ = {
			isa = PBXProject;
			attributes = {
				BuildIndependentTargetsInParallel = 1;
				LastUpgradeCheck = 1340;
				TargetAttributes = {
					B50657B928AF1FC800104018 = {
						CreatedOnToolsVersion = 13.4.1;
					};
					B50657D428AF1FCB00104018 = {
						CreatedOnToolsVersion = 13.4.1;
						TestTargetID = B50657B928AF1FC800104018;
					};
					B50657DE28AF1FCB00104018 = {
						CreatedOnToolsVersion = 13.4.1;
						TestTargetID = B50657B928AF1FC800104018;
					};
				};
			};
			buildConfigurationList = B50657B528AF1FC800104018 /* Build configuration list for PBXProject "Demo10" */;
			compatibilityVersion = "Xcode 13.0";
			developmentRegion = en;
			hasScannedForEncodings = 0;
			knownRegions = (
				en,
				Base,
			);
			mainGroup = B50657B128AF1FC800104018;
			productRefGroup = B50657BB28AF1FC800104018 /* Products */;
			projectDirPath = "";
			projectRoot = "";
			targets = (
				B50657B928AF1FC800104018 /* Demo10 */,
				B50657D428AF1FCB00104018 /* Demo10Tests */,
				B50657DE28AF1FCB00104018 /* Demo10UITests */,
			);
		};
/* End PBXProject section */

/* Begin PBXResourcesBuildPhase section */
		B50657B828AF1FC800104018 /* Resources */ = {
			isa = PBXResourcesBuildPhase;
			buildActionMask = 2147483647;
			files = (
				B506583E28AF604A00104018 /* Header.xib in Resources */,
				B50657CD28AF1FCB00104018 /* LaunchScreen.storyboard in Resources */,
				B506584328AF608C00104018 /* Footer.xib in Resources */,
				B50657CA28AF1FCB00104018 /* Assets.xcassets in Resources */,
				B50657F628AF282400104018 /* MyCollectionViewCell.xib in Resources */,
			);
			runOnlyForDeploymentPostprocessing = 0;
		};
		B50657D328AF1FCB00104018 /* Resources */ = {
			isa = PBXResourcesBuildPhase;
			buildActionMask = 2147483647;
			files = (
			);
			runOnlyForDeploymentPostprocessing = 0;
		};
		B50657DD28AF1FCB00104018 /* Resources */ = {
			isa = PBXResourcesBuildPhase;
			buildActionMask = 2147483647;
			files = (
			);
			runOnlyForDeploymentPostprocessing = 0;
		};
/* End PBXResourcesBuildPhase section */

/* Begin PBXSourcesBuildPhase section */
		B50657B628AF1FC800104018 /* Sources */ = {
			isa = PBXSourcesBuildPhase;
			buildActionMask = 2147483647;
			files = (
				B50657F428AF210700104018 /* CollectionViewController.m in Sources */,
				B50657BF28AF1FC800104018 /* AppDelegate.m in Sources */,
				B50657D028AF1FCB00104018 /* main.m in Sources */,
				B506584628AF609D00104018 /* Footer.m in Sources */,
				B50657C228AF1FC800104018 /* SceneDelegate.m in Sources */,
				B506584128AF607A00104018 /* Header.m in Sources */,
				B50657F928AF287400104018 /* MyCollectionViewCell.m in Sources */,
			);
			runOnlyForDeploymentPostprocessing = 0;
		};
		B50657D128AF1FCB00104018 /* Sources */ = {
			isa = PBXSourcesBuildPhase;
			buildActionMask = 2147483647;
			files = (
				B50657DA28AF1FCB00104018 /* Demo10Tests.m in Sources */,
			);
			runOnlyForDeploymentPostprocessing = 0;
		};
		B50657DB28AF1FCB00104018 /* Sources */ = {
			isa = PBXSourcesBuildPhase;
			buildActionMask = 2147483647;
			files = (
				B50657E628AF1FCB00104018 /* Demo10UITestsLaunchTests.m in Sources */,
				B50657E428AF1FCB00104018 /* Demo10UITests.m in Sources */,
			);
			runOnlyForDeploymentPostprocessing = 0;
		};
/* End PBXSourcesBuildPhase section */

/* Begin PBXTargetDependency section */
		B50657D728AF1FCB00104018 /* PBXTargetDependency */ = {
			isa = PBXTargetDependency;
			target = B50657B928AF1FC800104018 /* Demo10 */;
			targetProxy = B50657D628AF1FCB00104018 /* PBXContainerItemProxy */;
		};
		B50657E128AF1FCB00104018 /* PBXTargetDependency */ = {
			isa = PBXTargetDependency;
			target = B50657B928AF1FC800104018 /* Demo10 */;
			targetProxy = B50657E028AF1FCB00104018 /* PBXContainerItemProxy */;
		};
/* End PBXTargetDependency section */

/* Begin PBXVariantGroup section */
		B50657CB28AF1FCB00104018 /* LaunchScreen.storyboard */ = {
			isa = PBXVariantGroup;
			children = (
				B50657CC28AF1FCB00104018 /* Base */,
			);
			name = LaunchScreen.storyboard;
			sourceTree = "<group>";
		};
/* End PBXVariantGroup section */

/* Begin XCBuildConfiguration section */
		B50657E728AF1FCB00104018 /* Debug */ = {
			isa = XCBuildConfiguration;
			buildSettings = {
				ALWAYS_SEARCH_USER_PATHS = NO;
				CLANG_ANALYZER_NONNULL = YES;
				CLANG_ANALYZER_NUMBER_OBJECT_CONVERSION = YES_AGGRESSIVE;
				CLANG_CXX_LANGUAGE_STANDARD = "gnu++17";
				CLANG_ENABLE_MODULES = YES;
				CLANG_ENABLE_OBJC_ARC = YES;
				CLANG_ENABLE_OBJC_WEAK = YES;
				CLANG_WARN_BLOCK_CAPTURE_AUTORELEASING = YES;
				CLANG_WARN_BOOL_CONVERSION = YES;
				CLANG_WARN_COMMA = YES;
				CLANG_WARN_CONSTANT_CONVERSION = YES;
				CLANG_WARN_DEPRECATED_OBJC_IMPLEMENTATIONS = YES;
				CLANG_WARN_DIRECT_OBJC_ISA_USAGE = YES_ERROR;
				CLANG_WARN_DOCUMENTATION_COMMENTS = YES;
				CLANG_WARN_EMPTY_BODY = YES;
				CLANG_WARN_ENUM_CONVERSION = YES;
				CLANG_WARN_INFINITE_RECURSION = YES;
				CLANG_WARN_INT_CONVERSION = YES;
				CLANG_WARN_NON_LITERAL_NULL_CONVERSION = YES;
				CLANG_WARN_OBJC_IMPLICIT_RETAIN_SELF = YES;
				CLANG_WARN_OBJC_LITERAL_CONVERSION = YES;
				CLANG_WARN_OBJC_ROOT_CLASS = YES_ERROR;
				CLANG_WARN_QUOTED_INCLUDE_IN_FRAMEWORK_HEADER = YES;
				CLANG_WARN_RANGE_LOOP_ANALYSIS = YES;
				CLANG_WARN_STRICT_PROTOTYPES = YES;
				CLANG_WARN_SUSPICIOUS_MOVE = YES;
				CLANG_WARN_UNGUARDED_AVAILABILITY = YES_AGGRESSIVE;
				CLANG_WARN_UNREACHABLE_CODE = YES;
				CLANG_WARN__DUPLICATE_METHOD_MATCH = YES;
				COPY_PHASE_STRIP = NO;
				DEBUG_INFORMATION_FORMAT = dwarf;
				ENABLE_STRICT_OBJC_MSGSEND = YES;
				ENABLE_TESTABILITY = YES;
				GCC_C_LANGUAGE_STANDARD = gnu11;
				GCC_DYNAMIC_NO_PIC = NO;
				GCC_NO_COMMON_BLOCKS = YES;
				GCC_OPTIMIZATION_LEVEL = 0;
				GCC_PREPROCESSOR_DEFINITIONS = (
					"DEBUG=1",
					"$(inherited)",
				);
				GCC_WARN_64_TO_32_BIT_CONVERSION = YES;
				GCC_WARN_ABOUT_RETURN_TYPE = YES_ERROR;
				GCC_WARN_UNDECLARED_SELECTOR = YES;
				GCC_WARN_UNINITIALIZED_AUTOS = YES_AGGRESSIVE;
				GCC_WARN_UNUSED_FUNCTION = YES;
				GCC_WARN_UNUSED_VARIABLE = YES;
				IPHONEOS_DEPLOYMENT_TARGET = 15.5;
				MTL_ENABLE_DEBUG_INFO = INCLUDE_SOURCE;
				MTL_FAST_MATH = YES;
				ONLY_ACTIVE_ARCH = YES;
				SDKROOT = iphoneos;
			};
			name = Debug;
		};
		B50657E828AF1FCB00104018 /* Release */ = {
			isa = XCBuildConfiguration;
			buildSettings = {
				ALWAYS_SEARCH_USER_PATHS = NO;
				CLANG_ANALYZER_NONNULL = YES;
				CLANG_ANALYZER_NUMBER_OBJECT_CONVERSION = YES_AGGRESSIVE;
				CLANG_CXX_LANGUAGE_STANDARD = "gnu++17";
				CLANG_ENABLE_MODULES = YES;
				CLANG_ENABLE_OBJC_ARC = YES;
				CLANG_ENABLE_OBJC_WEAK = YES;
				CLANG_WARN_BLOCK_CAPTURE_AUTORELEASING = YES;
				CLANG_WARN_BOOL_CONVERSION = YES;
				CLANG_WARN_COMMA = YES;
				CLANG_WARN_CONSTANT_CONVERSION = YES;
				CLANG_WARN_DEPRECATED_OBJC_IMPLEMENTATIONS = YES;
				CLANG_WARN_DIRECT_OBJC_ISA_USAGE = YES_ERROR;
				CLANG_WARN_DOCUMENTATION_COMMENTS = YES;
				CLANG_WARN_EMPTY_BODY = YES;
				CLANG_WARN_ENUM_CONVERSION = YES;
				CLANG_WARN_INFINITE_RECURSION = YES;
				CLANG_WARN_INT_CONVERSION = YES;
				CLANG_WARN_NON_LITERAL_NULL_CONVERSION = YES;
				CLANG_WARN_OBJC_IMPLICIT_RETAIN_SELF = YES;
				CLANG_WARN_OBJC_LITERAL_CONVERSION = YES;
				CLANG_WARN_OBJC_ROOT_CLASS = YES_ERROR;
				CLANG_WARN_QUOTED_INCLUDE_IN_FRAMEWORK_HEADER = YES;
				CLANG_WARN_RANGE_LOOP_ANALYSIS = YES;
				CLANG_WARN_STRICT_PROTOTYPES = YES;
				CLANG_WARN_SUSPICIOUS_MOVE = YES;
				CLANG_WARN_UNGUARDED_AVAILABILITY = YES_AGGRESSIVE;
				CLANG_WARN_UNREACHABLE_CODE = YES;
				CLANG_WARN__DUPLICATE_METHOD_MATCH = YES;
				COPY_PHASE_STRIP = NO;
				DEBUG_INFORMATION_FORMAT = "dwarf-with-dsym";
				ENABLE_NS_ASSERTIONS = NO;
				ENABLE_STRICT_OBJC_MSGSEND = YES;
				GCC_C_LANGUAGE_STANDARD = gnu11;
				GCC_NO_COMMON_BLOCKS = YES;
				GCC_WARN_64_TO_32_BIT_CONVERSION = YES;
				GCC_WARN_ABOUT_RETURN_TYPE = YES_ERROR;
				GCC_WARN_UNDECLARED_SELECTOR = YES;
				GCC_WARN_UNINITIALIZED_AUTOS = YES_AGGRESSIVE;
				GCC_WARN_UNUSED_FUNCTION = YES;
				GCC_WARN_UNUSED_VARIABLE = YES;
				IPHONEOS_DEPLOYMENT_TARGET = 15.5;
				MTL_ENABLE_DEBUG_INFO = NO;
				MTL_FAST_MATH = YES;
				SDKROOT = iphoneos;
				VALIDATE_PRODUCT = YES;
			};
			name = Release;
		};
		B50657EA28AF1FCB00104018 /* Debug */ = {
			isa = XCBuildConfiguration;
			buildSettings = {
				ASSETCATALOG_COMPILER_APPICON_NAME = AppIcon;
				ASSETCATALOG_COMPILER_GLOBAL_ACCENT_COLOR_NAME = AccentColor;
				CODE_SIGN_STYLE = Automatic;
				CURRENT_PROJECT_VERSION = 1;
				GENERATE_INFOPLIST_FILE = YES;
				INFOPLIST_FILE = Demo10/Info.plist;
				INFOPLIST_KEY_UIApplicationSupportsIndirectInputEvents = YES;
				INFOPLIST_KEY_UILaunchStoryboardName = LaunchScreen;
				INFOPLIST_KEY_UISupportedInterfaceOrientations_iPad = "UIInterfaceOrientationPortrait UIInterfaceOrientationPortraitUpsideDown UIInterfaceOrientationLandscapeLeft UIInterfaceOrientationLandscapeRight";
				INFOPLIST_KEY_UISupportedInterfaceOrientations_iPhone = "UIInterfaceOrientationPortrait UIInterfaceOrientationLandscapeLeft UIInterfaceOrientationLandscapeRight";
				IPHONEOS_DEPLOYMENT_TARGET = 13.0;
				LD_RUNPATH_SEARCH_PATHS = (
					"$(inherited)",
					"@executable_path/Frameworks",
				);
				MARKETING_VERSION = 1.0;
				PRODUCT_BUNDLE_IDENTIFIER = demo.Demo10;
				PRODUCT_NAME = "$(TARGET_NAME)";
				SWIFT_EMIT_LOC_STRINGS = YES;
				TARGETED_DEVICE_FAMILY = "1,2";
			};
			name = Debug;
		};
		B50657EB28AF1FCB00104018 /* Release */ = {
			isa = XCBuildConfiguration;
			buildSettings = {
				ASSETCATALOG_COMPILER_APPICON_NAME = AppIcon;
				ASSETCATALOG_COMPILER_GLOBAL_ACCENT_COLOR_NAME = AccentColor;
				CODE_SIGN_STYLE = Automatic;
				CURRENT_PROJECT_VERSION = 1;
				GENERATE_INFOPLIST_FILE = YES;
				INFOPLIST_FILE = Demo10/Info.plist;
				INFOPLIST_KEY_UIApplicationSupportsIndirectInputEvents = YES;
				INFOPLIST_KEY_UILaunchStoryboardName = LaunchScreen;
				INFOPLIST_KEY_UISupportedInterfaceOrientations_iPad = "UIInterfaceOrientationPortrait UIInterfaceOrientationPortraitUpsideDown UIInterfaceOrientationLandscapeLeft UIInterfaceOrientationLandscapeRight";
				INFOPLIST_KEY_UISupportedInterfaceOrientations_iPhone = "UIInterfaceOrientationPortrait UIInterfaceOrientationLandscapeLeft UIInterfaceOrientationLandscapeRight";
				IPHONEOS_DEPLOYMENT_TARGET = 13.0;
				LD_RUNPATH_SEARCH_PATHS = (
					"$(inherited)",
					"@executable_path/Frameworks",
				);
				MARKETING_VERSION = 1.0;
				PRODUCT_BUNDLE_IDENTIFIER = demo.Demo10;
				PRODUCT_NAME = "$(TARGET_NAME)";
				SWIFT_EMIT_LOC_STRINGS = YES;
				TARGETED_DEVICE_FAMILY = "1,2";
			};
			name = Release;
		};
		B50657ED28AF1FCB00104018 /* Debug */ = {
			isa = XCBuildConfiguration;
			buildSettings = {
				BUNDLE_LOADER = "$(TEST_HOST)";
				CODE_SIGN_STYLE = Automatic;
				CURRENT_PROJECT_VERSION = 1;
				GENERATE_INFOPLIST_FILE = YES;
				IPHONEOS_DEPLOYMENT_TARGET = 15.5;
				MARKETING_VERSION = 1.0;
				PRODUCT_BUNDLE_IDENTIFIER = demo.Demo10Tests;
				PRODUCT_NAME = "$(TARGET_NAME)";
				SWIFT_EMIT_LOC_STRINGS = NO;
				TARGETED_DEVICE_FAMILY = "1,2";
				TEST_HOST = "$(BUILT_PRODUCTS_DIR)/Demo10.app/Demo10";
			};
			name = Debug;
		};
		B50657EE28AF1FCB00104018 /* Release */ = {
			isa = XCBuildConfiguration;
			buildSettings = {
				BUNDLE_LOADER = "$(TEST_HOST)";
				CODE_SIGN_STYLE = Automatic;
				CURRENT_PROJECT_VERSION = 1;
				GENERATE_INFOPLIST_FILE = YES;
				IPHONEOS_DEPLOYMENT_TARGET = 15.5;
				MARKETING_VERSION = 1.0;
				PRODUCT_BUNDLE_IDENTIFIER = demo.Demo10Tests;
				PRODUCT_NAME = "$(TARGET_NAME)";
				SWIFT_EMIT_LOC_STRINGS = NO;
				TARGETED_DEVICE_FAMILY = "1,2";
				TEST_HOST = "$(BUILT_PRODUCTS_DIR)/Demo10.app/Demo10";
			};
			name = Release;
		};
		B50657F028AF1FCB00104018 /* Debug */ = {
			isa = XCBuildConfiguration;
			buildSettings = {
				CODE_SIGN_STYLE = Automatic;
				CURRENT_PROJECT_VERSION = 1;
				GENERATE_INFOPLIST_FILE = YES;
				MARKETING_VERSION = 1.0;
				PRODUCT_BUNDLE_IDENTIFIER = demo.Demo10UITests;
				PRODUCT_NAME = "$(TARGET_NAME)";
				SWIFT_EMIT_LOC_STRINGS = NO;
				TARGETED_DEVICE_FAMILY = "1,2";
				TEST_TARGET_NAME = Demo10;
			};
			name = Debug;
		};
		B50657F128AF1FCB00104018 /* Release */ = {
			isa = XCBuildConfiguration;
			buildSettings = {
				CODE_SIGN_STYLE = Automatic;
				CURRENT_PROJECT_VERSION = 1;
				GENERATE_INFOPLIST_FILE = YES;
				MARKETING_VERSION = 1.0;
				PRODUCT_BUNDLE_IDENTIFIER = demo.Demo10UITests;
				PRODUCT_NAME = "$(TARGET_NAME)";
				SWIFT_EMIT_LOC_STRINGS = NO;
				TARGETED_DEVICE_FAMILY = "1,2";
				TEST_TARGET_NAME = Demo10;
			};
			name = Release;
		};
/* End XCBuildConfiguration section */

/* Begin XCConfigurationList section */
		B50657B528AF1FC800104018 /* Build configuration list for PBXProject "Demo10" */ = {
			isa = XCConfigurationList;
			buildConfigurations = (
				B50657E728AF1FCB00104018 /* Debug */,
				B50657E828AF1FCB00104018 /* Release */,
			);
			defaultConfigurationIsVisible = 0;
			defaultConfigurationName = Release;
		};
		B50657E928AF1FCB00104018 /* Build configuration list for PBXNativeTarget "Demo10" */ = {
			isa = XCConfigurationList;
			buildConfigurations = (
				B50657EA28AF1FCB00104018 /* Debug */,
				B50657EB28AF1FCB00104018 /* Release */,
			);
			defaultConfigurationIsVisible = 0;
			defaultConfigurationName = Release;
		};
		B50657EC28AF1FCB00104018 /* Build configuration list for PBXNativeTarget "Demo10Tests" */ = {
			isa = XCConfigurationList;
			buildConfigurations = (
				B50657ED28AF1FCB00104018 /* Debug */,
				B50657EE28AF1FCB00104018 /* Release */,
			);
			defaultConfigurationIsVisible = 0;
			defaultConfigurationName = Release;
		};
		B50657EF28AF1FCB00104018 /* Build configuration list for PBXNativeTarget "Demo10UITests" */ = {
			isa = XCConfigurationList;
			buildConfigurations = (
				B50657F028AF1FCB00104018 /* Debug */,
				B50657F128AF1FCB00104018 /* Release */,
			);
			defaultConfigurationIsVisible = 0;
			defaultConfigurationName = Release;
		};
/* End XCConfigurationList section */
	};
	rootObject = B50657B228AF1FC800104018 /* Project object */;
}
